{"column/custom":1662617091726.6892,"column/datetime":1662617091734.931,"column/datetimeRange":1662617091735.779,"column/enum":1662617091737.701,"column/formattedText":1662617091752.2852,"column/image":1662617091762.0134,"column/operation":1662617091772.9768,"column/text":1662617091779.7703,"common/APIConditionConfig":1662617091781.9148,"common/APIConfig":1662617091788.8257,"common/ColumnsConfig":1662617091802.1394,"common/ConditionConfig":1662617091804.1155,"common/EnumerationConfig":1662617091818.0715,"common/InterfaceConfig":1662617091840.606,"common/OperationConfig":1662617091871.0881,"common/OperationsConfig":1662617091902.2654,"common/OperationsOperationConfig":1662617091939.535,"common/ParamConfig":1662617091957.7568,"common/StatementConfig":1662617091983.1045,"common/StyleConfig":1662617091988.4663,"common/TableOperationConfig":1662617091999.419,"detail/code":1662619562834.5776,"detail/custom":1662617092002.0066,"detail/enum":1662617092022.4775,"detail/group":1662617092122.8455,"detail/iframe":1662617092154.138,"detail/image":1662617092177.43,"detail/import_subform":1662617092191.0444,"detail/index":1662619562835.1057,"detail/link":1662617092234.747,"detail/operation":1662617092281.9817,"detail/statement":1662617092287.3918,"detail/table":1662617092297.7773,"detail/text":1662617092312.7656,"form/code":1662617092324.9326,"form/custom":1662617092326.1497,"form/datetime":1662617092332.6912,"form/datetimeRange":1662617092339.8303,"form/desc":1662617092342.5664,"form/diffCode":1662617092349.3538,"form/group":1662617092361.9631,"form/import_subform":1662617092372.4768,"form/index":1662617092386.644,"form/list":1662617092398.101,"form/longtext":1662617092421.5884,"form/multiple_text":1662617092469.4114,"form/number":1662617092499.6296,"form/select_multiple":1662617092522.5327,"form/select_single":1662619562835.5857,"form/switch":1662617092532.755,"form/table":1662617092537.7317,"form/tableRowOperation":1662617092540.1157,"form/tableTableOperation":1662617092547.9548,"form/tabs":1662617092564.6592,"form/text":1662617092566.1125,"form/tree_select":1662617092580.9187,"form/tree_select_options":1662617092589.6753,"form/upload":1662617092599.7173}